// !$*UTF8*$!
{
	archiveVersion = 1;
	classes = {
	};
	objectVersion = 48;
	objects = {

/* Begin PBXBuildFile section */
		612446D61FF0F2D900491C8C /* AppDelegate.m in Sources */ = {isa = PBXBuildFile; fileRef = 612446D51FF0F2D900491C8C /* AppDelegate.m */; };
		612446DC1FF0F2D900491C8C /* Main.storyboard in Resources */ = {isa = PBXBuildFile; fileRef = 612446DA1FF0F2D900491C8C /* Main.storyboard */; };
		612446DE1FF0F2D900491C8C /* Assets.xcassets in Resources */ = {isa = PBXBuildFile; fileRef = 612446DD1FF0F2D900491C8C /* Assets.xcassets */; };
		612446E11FF0F2D900491C8C /* LaunchScreen.storyboard in Resources */ = {isa = PBXBuildFile; fileRef = 612446DF1FF0F2D900491C8C /* LaunchScreen.storyboard */; };
		612446E41FF0F2D900491C8C /* main.m in Sources */ = {isa = PBXBuildFile; fileRef = 612446E31FF0F2D900491C8C /* main.m */; };
		612446EE1FF0F2D900491C8C /* DemoTests.m in Sources */ = {isa = PBXBuildFile; fileRef = 612446ED1FF0F2D900491C8C /* DemoTests.m */; };
		612446F91FF0F2D900491C8C /* DemoUITests.m in Sources */ = {isa = PBXBuildFile; fileRef = 612446F81FF0F2D900491C8C /* DemoUITests.m */; };
		613573731FF6386E006D133C /* RootViewController.m in Sources */ = {isa = PBXBuildFile; fileRef = 613573721FF6386E006D133C /* RootViewController.m */; };
		614A96E21FF21E55002C8D9A /* DKSHintView.m in Sources */ = {isa = PBXBuildFile; fileRef = 614A96E11FF21E55002C8D9A /* DKSHintView.m */; };
		617963E11FF64E7E00EF0AFB /* ImageController.m in Sources */ = {isa = PBXBuildFile; fileRef = 617963DF1FF64E7E00EF0AFB /* ImageController.m */; };
		617963E21FF64E7E00EF0AFB /* ImageController.xib in Resources */ = {isa = PBXBuildFile; fileRef = 617963E01FF64E7E00EF0AFB /* ImageController.xib */; };
		617963E31FF6573500EF0AFB /* MBProgressHUD.m in Sources */ = {isa = PBXBuildFile; fileRef = 6135736B1FF62FBF006D133C /* MBProgressHUD.m */; };
		617CB7A51FF4DCE20031F384 /* UIScrollView+HintView.m in Sources */ = {isa = PBXBuildFile; fileRef = 617CB7A41FF4DCE20031F384 /* UIScrollView+HintView.m */; };
		617CB7AB1FF4ED370031F384 /* UIView+DKSFrameTool.m in Sources */ = {isa = PBXBuildFile; fileRef = 617CB7AA1FF4ED370031F384 /* UIView+DKSFrameTool.m */; };
		61974B4A1FFB6134002F3844 /* TotalController.m in Sources */ = {isa = PBXBuildFile; fileRef = 61974B481FFB6134002F3844 /* TotalController.m */; };
		61974B4B1FFB6134002F3844 /* TotalController.xib in Resources */ = {isa = PBXBuildFile; fileRef = 61974B491FFB6134002F3844 /* TotalController.xib */; };
		61974B4F1FFB6BDD002F3844 /* CustomController.m in Sources */ = {isa = PBXBuildFile; fileRef = 61974B4D1FFB6BDD002F3844 /* CustomController.m */; };
		61974B501FFB6BDD002F3844 /* CustomController.xib in Resources */ = {isa = PBXBuildFile; fileRef = 61974B4E1FFB6BDD002F3844 /* CustomController.xib */; };
/* End PBXBuildFile section */

/* Begin PBXContainerItemProxy section */
		612446EA1FF0F2D900491C8C /* PBXContainerItemProxy */ = {
			isa = PBXContainerItemProxy;
			containerPortal = 612446C91FF0F2D900491C8C /* Project object */;
			proxyType = 1;
			remoteGlobalIDString = 612446D01FF0F2D900491C8C;
			remoteInfo = Demo;
		};
		612446F51FF0F2D900491C8C /* PBXContainerItemProxy */ = {
			isa = PBXContainerItemProxy;
			containerPortal = 612446C91FF0F2D900491C8C /* Project object */;
			proxyType = 1;
			remoteGlobalIDString = 612446D01FF0F2D900491C8C;
			remoteInfo = Demo;
		};
/* End PBXContainerItemProxy section */

/* Begin PBXFileReference section */
		612446D11FF0F2D900491C8C /* DKSHintView.app */ = {isa = PBXFileReference; explicitFileType = wrapper.application; includeInIndex = 0; path = DKSHintView.app; sourceTree = BUILT_PRODUCTS_DIR; };
		612446D41FF0F2D900491C8C /* AppDelegate.h */ = {isa = PBXFileReference; lastKnownFileType = sourcecode.c.h; path = AppDelegate.h; sourceTree = "<group>"; };
		612446D51FF0F2D900491C8C /* AppDelegate.m */ = {isa = PBXFileReference; lastKnownFileType = sourcecode.c.objc; path = AppDelegate.m; sourceTree = "<group>"; };
		612446DB1FF0F2D900491C8C /* Base */ = {isa = PBXFileReference; lastKnownFileType = file.storyboard; name = Base; path = Base.lproj/Main.storyboard; sourceTree = "<group>"; };
		612446DD1FF0F2D900491C8C /* Assets.xcassets */ = {isa = PBXFileReference; lastKnownFileType = folder.assetcatalog; path = Assets.xcassets; sourceTree = "<group>"; };
		612446E01FF0F2D900491C8C /* Base */ = {isa = PBXFileReference; lastKnownFileType = file.storyboard; name = Base; path = Base.lproj/LaunchScreen.storyboard; sourceTree = "<group>"; };
		612446E21FF0F2D900491C8C /* Info.plist */ = {isa = PBXFileReference; lastKnownFileType = text.plist.xml; path = Info.plist; sourceTree = "<group>"; };
		612446E31FF0F2D900491C8C /* main.m */ = {isa = PBXFileReference; lastKnownFileType = sourcecode.c.objc; path = main.m; sourceTree = "<group>"; };
		612446E91FF0F2D900491C8C /* DKSHintViewTests.xctest */ = {isa = PBXFileReference; explicitFileType = wrapper.cfbundle; includeInIndex = 0; path = DKSHintViewTests.xctest; sourceTree = BUILT_PRODUCTS_DIR; };
		612446ED1FF0F2D900491C8C /* DemoTests.m */ = {isa = PBXFileReference; lastKnownFileType = sourcecode.c.objc; path = DemoTests.m; sourceTree = "<group>"; };
		612446EF1FF0F2D900491C8C /* Info.plist */ = {isa = PBXFileReference; lastKnownFileType = text.plist.xml; path = Info.plist; sourceTree = "<group>"; };
		612446F41FF0F2D900491C8C /* DKSHintViewUITests.xctest */ = {isa = PBXFileReference; explicitFileType = wrapper.cfbundle; includeInIndex = 0; path = DKSHintViewUITests.xctest; sourceTree = BUILT_PRODUCTS_DIR; };
		612446F81FF0F2D900491C8C /* DemoUITests.m */ = {isa = PBXFileReference; lastKnownFileType = sourcecode.c.objc; path = DemoUITests.m; sourceTree = "<group>"; };
		612446FA1FF0F2D900491C8C /* Info.plist */ = {isa = PBXFileReference; lastKnownFileType = text.plist.xml; path = Info.plist; sourceTree = "<group>"; };
		6135736A1FF62FBF006D133C /* MBProgressHUD.h */ = {isa = PBXFileReference; lastKnownFileType = sourcecode.c.h; path = MBProgressHUD.h; sourceTree = "<group>"; };
		6135736B1FF62FBF006D133C /* MBProgressHUD.m */ = {isa = PBXFileReference; lastKnownFileType = sourcecode.c.objc; path = MBProgressHUD.m; sourceTree = "<group>"; };
		613573711FF6386E006D133C /* RootViewController.h */ = {isa = PBXFileReference; lastKnownFileType = sourcecode.c.h; path = RootViewController.h; sourceTree = "<group>"; };
		613573721FF6386E006D133C /* RootViewController.m */ = {isa = PBXFileReference; lastKnownFileType = sourcecode.c.objc; path = RootViewController.m; sourceTree = "<group>"; };
		614A96E01FF21E55002C8D9A /* DKSHintView.h */ = {isa = PBXFileReference; lastKnownFileType = sourcecode.c.h; path = DKSHintView.h; sourceTree = "<group>"; };
		614A96E11FF21E55002C8D9A /* DKSHintView.m */ = {isa = PBXFileReference; lastKnownFileType = sourcecode.c.objc; path = DKSHintView.m; sourceTree = "<group>"; };
		617963DE1FF64E7E00EF0AFB /* ImageController.h */ = {isa = PBXFileReference; lastKnownFileType = sourcecode.c.h; path = ImageController.h; sourceTree = "<group>"; };
		617963DF1FF64E7E00EF0AFB /* ImageController.m */ = {isa = PBXFileReference; lastKnownFileType = sourcecode.c.objc; path = ImageController.m; sourceTree = "<group>"; };
		617963E01FF64E7E00EF0AFB /* ImageController.xib */ = {isa = PBXFileReference; lastKnownFileType = file.xib; path = ImageController.xib; sourceTree = "<group>"; };
		617CB7A31FF4DCE20031F384 /* UIScrollView+HintView.h */ = {isa = PBXFileReference; lastKnownFileType = sourcecode.c.h; path = "UIScrollView+HintView.h"; sourceTree = "<group>"; };
		617CB7A41FF4DCE20031F384 /* UIScrollView+HintView.m */ = {isa = PBXFileReference; lastKnownFileType = sourcecode.c.objc; path = "UIScrollView+HintView.m"; sourceTree = "<group>"; };
		617CB7A91FF4ED370031F384 /* UIView+DKSFrameTool.h */ = {isa = PBXFileReference; lastKnownFileType = sourcecode.c.h; path = "UIView+DKSFrameTool.h"; sourceTree = "<group>"; };
		617CB7AA1FF4ED370031F384 /* UIView+DKSFrameTool.m */ = {isa = PBXFileReference; lastKnownFileType = sourcecode.c.objc; path = "UIView+DKSFrameTool.m"; sourceTree = "<group>"; };
		61974B471FFB6134002F3844 /* TotalController.h */ = {isa = PBXFileReference; lastKnownFileType = sourcecode.c.h; path = TotalController.h; sourceTree = "<group>"; };
		61974B481FFB6134002F3844 /* TotalController.m */ = {isa = PBXFileReference; lastKnownFileType = sourcecode.c.objc; path = TotalController.m; sourceTree = "<group>"; };
		61974B491FFB6134002F3844 /* TotalController.xib */ = {isa = PBXFileReference; lastKnownFileType = file.xib; path = TotalController.xib; sourceTree = "<group>"; };
		61974B4C1FFB6BDD002F3844 /* CustomController.h */ = {isa = PBXFileReference; lastKnownFileType = sourcecode.c.h; path = CustomController.h; sourceTree = "<group>"; };
		61974B4D1FFB6BDD002F3844 /* CustomController.m */ = {isa = PBXFileReference; lastKnownFileType = sourcecode.c.objc; path = CustomController.m; sourceTree = "<group>"; };
		61974B4E1FFB6BDD002F3844 /* CustomController.xib */ = {isa = PBXFileReference; lastKnownFileType = file.xib; path = CustomController.xib; sourceTree = "<group>"; };
/* End PBXFileReference section */

/* Begin PBXFrameworksBuildPhase section */
		612446CE1FF0F2D900491C8C /* Frameworks */ = {
			isa = PBXFrameworksBuildPhase;
			buildActionMask = 2147483647;
			files = (
			);
			runOnlyForDeploymentPostprocessing = 0;
		};
		612446E61FF0F2D900491C8C /* Frameworks */ = {
			isa = PBXFrameworksBuildPhase;
			buildActionMask = 2147483647;
			files = (
			);
			runOnlyForDeploymentPostprocessing = 0;
		};
		612446F11FF0F2D900491C8C /* Frameworks */ = {
			isa = PBXFrameworksBuildPhase;
			buildActionMask = 2147483647;
			files = (
			);
			runOnlyForDeploymentPostprocessing = 0;
		};
/* End PBXFrameworksBuildPhase section */

/* Begin PBXGroup section */
		612446C81FF0F2D900491C8C = {
			isa = PBXGroup;
			children = (
				612446D31FF0F2D900491C8C /* Demo */,
				612446EC1FF0F2D900491C8C /* DemoTests */,
				612446F71FF0F2D900491C8C /* DemoUITests */,
				612446D21FF0F2D900491C8C /* Products */,
			);
			sourceTree = "<group>";
		};
		612446D21FF0F2D900491C8C /* Products */ = {
			isa = PBXGroup;
			children = (
				612446D11FF0F2D900491C8C /* DKSHintView.app */,
				612446E91FF0F2D900491C8C /* DKSHintViewTests.xctest */,
				612446F41FF0F2D900491C8C /* DKSHintViewUITests.xctest */,
			);
			name = Products;
			sourceTree = "<group>";
		};
		612446D31FF0F2D900491C8C /* Demo */ = {
			isa = PBXGroup;
			children = (
				613573691FF62FBF006D133C /* MBProgressHUD */,
				614A96DF1FF21E39002C8D9A /* HintView */,
				612446D41FF0F2D900491C8C /* AppDelegate.h */,
				612446D51FF0F2D900491C8C /* AppDelegate.m */,
				613573711FF6386E006D133C /* RootViewController.h */,
				613573721FF6386E006D133C /* RootViewController.m */,
				617963DE1FF64E7E00EF0AFB /* ImageController.h */,
				617963DF1FF64E7E00EF0AFB /* ImageController.m */,
				617963E01FF64E7E00EF0AFB /* ImageController.xib */,
				61974B471FFB6134002F3844 /* TotalController.h */,
				61974B481FFB6134002F3844 /* TotalController.m */,
				61974B491FFB6134002F3844 /* TotalController.xib */,
				61974B4C1FFB6BDD002F3844 /* CustomController.h */,
				61974B4D1FFB6BDD002F3844 /* CustomController.m */,
				61974B4E1FFB6BDD002F3844 /* CustomController.xib */,
				612446DA1FF0F2D900491C8C /* Main.storyboard */,
				612446DD1FF0F2D900491C8C /* Assets.xcassets */,
				612446DF1FF0F2D900491C8C /* LaunchScreen.storyboard */,
				612446E21FF0F2D900491C8C /* Info.plist */,
				612446E31FF0F2D900491C8C /* main.m */,
			);
			path = Demo;
			sourceTree = "<group>";
		};
		612446EC1FF0F2D900491C8C /* DemoTests */ = {
			isa = PBXGroup;
			children = (
				612446ED1FF0F2D900491C8C /* DemoTests.m */,
				612446EF1FF0F2D900491C8C /* Info.plist */,
			);
			path = DemoTests;
			sourceTree = "<group>";
		};
		612446F71FF0F2D900491C8C /* DemoUITests */ = {
			isa = PBXGroup;
			children = (
				612446F81FF0F2D900491C8C /* DemoUITests.m */,
				612446FA1FF0F2D900491C8C /* Info.plist */,
			);
			path = DemoUITests;
			sourceTree = "<group>";
		};
		613573691FF62FBF006D133C /* MBProgressHUD */ = {
			isa = PBXGroup;
			children = (
				6135736A1FF62FBF006D133C /* MBProgressHUD.h */,
				6135736B1FF62FBF006D133C /* MBProgressHUD.m */,
			);
			path = MBProgressHUD;
			sourceTree = "<group>";
		};
		614A96DF1FF21E39002C8D9A /* HintView */ = {
			isa = PBXGroup;
			children = (
				614A96E01FF21E55002C8D9A /* DKSHintView.h */,
				614A96E11FF21E55002C8D9A /* DKSHintView.m */,
				617CB7A31FF4DCE20031F384 /* UIScrollView+HintView.h */,
				617CB7A41FF4DCE20031F384 /* UIScrollView+HintView.m */,
				617CB7A91FF4ED370031F384 /* UIView+DKSFrameTool.h */,
				617CB7AA1FF4ED370031F384 /* UIView+DKSFrameTool.m */,
			);
			path = HintView;
			sourceTree = "<group>";
		};
/* End PBXGroup section */

/* Begin PBXNativeTarget section */
		612446D01FF0F2D900491C8C /* DKSHintView */ = {
			isa = PBXNativeTarget;
			buildConfigurationList = 612446FD1FF0F2D900491C8C /* Build configuration list for PBXNativeTarget "DKSHintView" */;
			buildPhases = (
				612446CD1FF0F2D900491C8C /* Sources */,
				612446CE1FF0F2D900491C8C /* Frameworks */,
				612446CF1FF0F2D900491C8C /* Resources */,
			);
			buildRules = (
			);
			dependencies = (
			);
			name = DKSHintView;
			productName = Demo;
			productReference = 612446D11FF0F2D900491C8C /* DKSHintView.app */;
			productType = "com.apple.product-type.application";
		};
		612446E81FF0F2D900491C8C /* DKSHintViewTests */ = {
			isa = PBXNativeTarget;
			buildConfigurationList = 612447001FF0F2D900491C8C /* Build configuration list for PBXNativeTarget "DKSHintViewTests" */;
			buildPhases = (
				612446E51FF0F2D900491C8C /* Sources */,
				612446E61FF0F2D900491C8C /* Frameworks */,
				612446E71FF0F2D900491C8C /* Resources */,
			);
			buildRules = (
			);
			dependencies = (
				612446EB1FF0F2D900491C8C /* PBXTargetDependency */,
			);
			name = DKSHintViewTests;
			productName = DemoTests;
			productReference = 612446E91FF0F2D900491C8C /* DKSHintViewTests.xctest */;
			productType = "com.apple.product-type.bundle.unit-test";
		};
		612446F31FF0F2D900491C8C /* DKSHintViewUITests */ = {
			isa = PBXNativeTarget;
			buildConfigurationList = 612447031FF0F2D900491C8C /* Build configuration list for PBXNativeTarget "DKSHintViewUITests" */;
			buildPhases = (
				612446F01FF0F2D900491C8C /* Sources */,
				612446F11FF0F2D900491C8C /* Frameworks */,
				612446F21FF0F2D900491C8C /* Resources */,
			);
			buildRules = (
			);
			dependencies = (
				612446F61FF0F2D900491C8C /* PBXTargetDependency */,
			);
			name = DKSHintViewUITests;
			productName = DemoUITests;
			productReference = 612446F41FF0F2D900491C8C /* DKSHintViewUITests.xctest */;
			productType = "com.apple.product-type.bundle.ui-testing";
		};
/* End PBXNativeTarget section */

/* Begin PBXProject section */
		612446C91FF0F2D900491C8C /* Project object */ = {
			isa = PBXProject;
			attributes = {
				LastUpgradeCheck = 0900;
				ORGANIZATIONNAME = DuKaiShun;
				TargetAttributes = {
					612446D01FF0F2D900491C8C = {
						CreatedOnToolsVersion = 9.0;
						ProvisioningStyle = Automatic;
					};
					612446E81FF0F2D900491C8C = {
						CreatedOnToolsVersion = 9.0;
						ProvisioningStyle = Automatic;
						TestTargetID = 612446D01FF0F2D900491C8C;
					};
					612446F31FF0F2D900491C8C = {
						CreatedOnToolsVersion = 9.0;
						ProvisioningStyle = Automatic;
						TestTargetID = 612446D01FF0F2D900491C8C;
					};
				};
			};
			buildConfigurationList = 612446CC1FF0F2D900491C8C /* Build configuration list for PBXProject "DKSHintView" */;
			compatibilityVersion = "Xcode 8.0";
			developmentRegion = en;
			hasScannedForEncodings = 0;
			knownRegions = (
				en,
				Base,
			);
			mainGroup = 612446C81FF0F2D900491C8C;
			productRefGroup = 612446D21FF0F2D900491C8C /* Products */;
			projectDirPath = "";
			projectRoot = "";
			targets = (
				612446D01FF0F2D900491C8C /* DKSHintView */,
				612446E81FF0F2D900491C8C /* DKSHintViewTests */,
				612446F31FF0F2D900491C8C /* DKSHintViewUITests */,
			);
		};
/* End PBXProject section */

/* Begin PBXResourcesBuildPhase section */
		612446CF1FF0F2D900491C8C /* Resources */ = {
			isa = PBXResourcesBuildPhase;
			buildActionMask = 2147483647;
			files = (
				612446E11FF0F2D900491C8C /* LaunchScreen.storyboard in Resources */,
				612446DE1FF0F2D900491C8C /* Assets.xcassets in Resources */,
				61974B501FFB6BDD002F3844 /* CustomController.xib in Resources */,
				612446DC1FF0F2D900491C8C /* Main.storyboard in Resources */,
				61974B4B1FFB6134002F3844 /* TotalController.xib in Resources */,
				617963E21FF64E7E00EF0AFB /* ImageController.xib in Resources */,
			);
			runOnlyForDeploymentPostprocessing = 0;
		};
		612446E71FF0F2D900491C8C /* Resources */ = {
			isa = PBXResourcesBuildPhase;
			buildActionMask = 2147483647;
			files = (
			);
			runOnlyForDeploymentPostprocessing = 0;
		};
		612446F21FF0F2D900491C8C /* Resources */ = {
			isa = PBXResourcesBuildPhase;
			buildActionMask = 2147483647;
			files = (
			);
			runOnlyForDeploymentPostprocessing = 0;
		};
/* End PBXResourcesBuildPhase section */

/* Begin PBXSourcesBuildPhase section */
		612446CD1FF0F2D900491C8C /* Sources */ = {
			isa = PBXSourcesBuildPhase;
			buildActionMask = 2147483647;
			files = (
				617963E31FF6573500EF0AFB /* MBProgressHUD.m in Sources */,
				617CB7A51FF4DCE20031F384 /* UIScrollView+HintView.m in Sources */,
				61974B4F1FFB6BDD002F3844 /* CustomController.m in Sources */,
				613573731FF6386E006D133C /* RootViewController.m in Sources */,
				617963E11FF64E7E00EF0AFB /* ImageController.m in Sources */,
				61974B4A1FFB6134002F3844 /* TotalController.m in Sources */,
				614A96E21FF21E55002C8D9A /* DKSHintView.m in Sources */,
				612446E41FF0F2D900491C8C /* main.m in Sources */,
				617CB7AB1FF4ED370031F384 /* UIView+DKSFrameTool.m in Sources */,
				612446D61FF0F2D900491C8C /* AppDelegate.m in Sources */,
			);
			runOnlyForDeploymentPostprocessing = 0;
		};
		612446E51FF0F2D900491C8C /* Sources */ = {
			isa = PBXSourcesBuildPhase;
			buildActionMask = 2147483647;
			files = (
				612446EE1FF0F2D900491C8C /* DemoTests.m in Sources */,
			);
			runOnlyForDeploymentPostprocessing = 0;
		};
		612446F01FF0F2D900491C8C /* Sources */ = {
			isa = PBXSourcesBuildPhase;
			buildActionMask = 2147483647;
			files = (
				612446F91FF0F2D900491C8C /* DemoUITests.m in Sources */,
			);
			runOnlyForDeploymentPostprocessing = 0;
		};
/* End PBXSourcesBuildPhase section */

/* Begin PBXTargetDependency section */
		612446EB1FF0F2D900491C8C /* PBXTargetDependency */ = {
			isa = PBXTargetDependency;
			target = 612446D01FF0F2D900491C8C /* DKSHintView */;
			targetProxy = 612446EA1FF0F2D900491C8C /* PBXContainerItemProxy */;
		};
		612446F61FF0F2D900491C8C /* PBXTargetDependency */ = {
			isa = PBXTargetDependency;
			target = 612446D01FF0F2D900491C8C /* DKSHintView */;
			targetProxy = 612446F51FF0F2D900491C8C /* PBXContainerItemProxy */;
		};
/* End PBXTargetDependency section */

/* Begin PBXVariantGroup section */
		612446DA1FF0F2D900491C8C /* Main.storyboard */ = {
			isa = PBXVariantGroup;
			children = (
				612446DB1FF0F2D900491C8C /* Base */,
			);
			name = Main.storyboard;
			sourceTree = "<group>";
		};
		612446DF1FF0F2D900491C8C /* LaunchScreen.storyboard */ = {
			isa = PBXVariantGroup;
			children = (
				612446E01FF0F2D900491C8C /* Base */,
			);
			name = LaunchScreen.storyboard;
			sourceTree = "<group>";
		};
/* End PBXVariantGroup section */

/* Begin XCBuildConfiguration section */
		612446FB1FF0F2D900491C8C /* Debug */ = {
			isa = XCBuildConfiguration;
			buildSettings = {
				ALWAYS_SEARCH_USER_PATHS = NO;
				CLANG_ANALYZER_NONNULL = YES;
				CLANG_ANALYZER_NUMBER_OBJECT_CONVERSION = YES_AGGRESSIVE;
				CLANG_CXX_LANGUAGE_STANDARD = "gnu++14";
				CLANG_CXX_LIBRARY = "libc++";
				CLANG_ENABLE_MODULES = YES;
				CLANG_ENABLE_OBJC_ARC = YES;
				CLANG_WARN_BLOCK_CAPTURE_AUTORELEASING = YES;
				CLANG_WARN_BOOL_CONVERSION = YES;
				CLANG_WARN_COMMA = YES;
				CLANG_WARN_CONSTANT_CONVERSION = YES;
				CLANG_WARN_DIRECT_OBJC_ISA_USAGE = YES_ERROR;
				CLANG_WARN_DOCUMENTATION_COMMENTS = YES;
				CLANG_WARN_EMPTY_BODY = YES;
				CLANG_WARN_ENUM_CONVERSION = YES;
				CLANG_WARN_INFINITE_RECURSION = YES;
				CLANG_WARN_INT_CONVERSION = YES;
				CLANG_WARN_NON_LITERAL_NULL_CONVERSION = YES;
				CLANG_WARN_OBJC_LITERAL_CONVERSION = YES;
				CLANG_WARN_OBJC_ROOT_CLASS = YES_ERROR;
				CLANG_WARN_RANGE_LOOP_ANALYSIS = YES;
				CLANG_WARN_STRICT_PROTOTYPES = YES;
				CLANG_WARN_SUSPICIOUS_MOVE = YES;
				CLANG_WARN_UNGUARDED_AVAILABILITY = YES_AGGRESSIVE;
				CLANG_WARN_UNREACHABLE_CODE = YES;
				CLANG_WARN__DUPLICATE_METHOD_MATCH = YES;
				CODE_SIGN_IDENTITY = "iPhone Developer";
				COPY_PHASE_STRIP = NO;
				DEBUG_INFORMATION_FORMAT = dwarf;
				ENABLE_STRICT_OBJC_MSGSEND = YES;
				ENABLE_TESTABILITY = YES;
				GCC_C_LANGUAGE_STANDARD = gnu11;
				GCC_DYNAMIC_NO_PIC = NO;
				GCC_NO_COMMON_BLOCKS = YES;
				GCC_OPTIMIZATION_LEVEL = 0;
				GCC_PREPROCESSOR_DEFINITIONS = (
					"DEBUG=1",
					"$(inherited)",
				);
				GCC_WARN_64_TO_32_BIT_CONVERSION = YES;
				GCC_WARN_ABOUT_RETURN_TYPE = YES_ERROR;
				GCC_WARN_UNDECLARED_SELECTOR = YES;
				GCC_WARN_UNINITIALIZED_AUTOS = YES_AGGRESSIVE;
				GCC_WARN_UNUSED_FUNCTION = YES;
				GCC_WARN_UNUSED_VARIABLE = YES;
				IPHONEOS_DEPLOYMENT_TARGET = 11.0;
				MTL_ENABLE_DEBUG_INFO = YES;
				ONLY_ACTIVE_ARCH = YES;
				SDKROOT = iphoneos;
			};
			name = Debug;
		};
		612446FC1FF0F2D900491C8C /* Release */ = {
			isa = XCBuildConfiguration;
			buildSettings = {
				ALWAYS_SEARCH_USER_PATHS = NO;
				CLANG_ANALYZER_NONNULL = YES;
				CLANG_ANALYZER_NUMBER_OBJECT_CONVERSION = YES_AGGRESSIVE;
				CLANG_CXX_LANGUAGE_STANDARD = "gnu++14";
				CLANG_CXX_LIBRARY = "libc++";
				CLANG_ENABLE_MODULES = YES;
				CLANG_ENABLE_OBJC_ARC = YES;
				CLANG_WARN_BLOCK_CAPTURE_AUTORELEASING = YES;
				CLANG_WARN_BOOL_CONVERSION = YES;
				CLANG_WARN_COMMA = YES;
				CLANG_WARN_CONSTANT_CONVERSION = YES;
				CLANG_WARN_DIRECT_OBJC_ISA_USAGE = YES_ERROR;
				CLANG_WARN_DOCUMENTATION_COMMENTS = YES;
				CLANG_WARN_EMPTY_BODY = YES;
				CLANG_WARN_ENUM_CONVERSION = YES;
				CLANG_WARN_INFINITE_RECURSION = YES;
				CLANG_WARN_INT_CONVERSION = YES;
				CLANG_WARN_NON_LITERAL_NULL_CONVERSION = YES;
				CLANG_WARN_OBJC_LITERAL_CONVERSION = YES;
				CLANG_WARN_OBJC_ROOT_CLASS = YES_ERROR;
				CLANG_WARN_RANGE_LOOP_ANALYSIS = YES;
				CLANG_WARN_STRICT_PROTOTYPES = YES;
				CLANG_WARN_SUSPICIOUS_MOVE = YES;
				CLANG_WARN_UNGUARDED_AVAILABILITY = YES_AGGRESSIVE;
				CLANG_WARN_UNREACHABLE_CODE = YES;
				CLANG_WARN__DUPLICATE_METHOD_MATCH = YES;
				CODE_SIGN_IDENTITY = "iPhone Developer";
				COPY_PHASE_STRIP = NO;
				DEBUG_INFORMATION_FORMAT = "dwarf-with-dsym";
				ENABLE_NS_ASSERTIONS = NO;
				ENABLE_STRICT_OBJC_MSGSEND = YES;
				GCC_C_LANGUAGE_STANDARD = gnu11;
				GCC_NO_COMMON_BLOCKS = YES;
				GCC_WARN_64_TO_32_BIT_CONVERSION = YES;
				GCC_WARN_ABOUT_RETURN_TYPE = YES_ERROR;
				GCC_WARN_UNDECLARED_SELECTOR = YES;
				GCC_WARN_UNINITIALIZED_AUTOS = YES_AGGRESSIVE;
				GCC_WARN_UNUSED_FUNCTION = YES;
				GCC_WARN_UNUSED_VARIABLE = YES;
				IPHONEOS_DEPLOYMENT_TARGET = 11.0;
				MTL_ENABLE_DEBUG_INFO = NO;
				SDKROOT = iphoneos;
				VALIDATE_PRODUCT = YES;
			};
			name = Release;
		};
		612446FE1FF0F2D900491C8C /* Debug */ = {
			isa = XCBuildConfiguration;
			buildSettings = {
				ASSETCATALOG_COMPILER_APPICON_NAME = AppIcon;
				CODE_SIGN_STYLE = Automatic;
				DEVELOPMENT_TEAM = X42645MK9G;
				INFOPLIST_FILE = Demo/Info.plist;
				IPHONEOS_DEPLOYMENT_TARGET = 8.0;
				LD_RUNPATH_SEARCH_PATHS = "$(inherited) @executable_path/Frameworks";
				PRODUCT_BUNDLE_IDENTIFIER = com.robooot.DKSHintView;
				PRODUCT_NAME = "$(TARGET_NAME)";
				TARGETED_DEVICE_FAMILY = "1,2";
			};
			name = Debug;
		};
		612446FF1FF0F2D900491C8C /* Release */ = {
			isa = XCBuildConfiguration;
			buildSettings = {
				ASSETCATALOG_COMPILER_APPICON_NAME = AppIcon;
				CODE_SIGN_STYLE = Automatic;
				DEVELOPMENT_TEAM = X42645MK9G;
				INFOPLIST_FILE = Demo/Info.plist;
				IPHONEOS_DEPLOYMENT_TARGET = 8.0;
				LD_RUNPATH_SEARCH_PATHS = "$(inherited) @executable_path/Frameworks";
				PRODUCT_BUNDLE_IDENTIFIER = com.robooot.DKSHintView;
				PRODUCT_NAME = "$(TARGET_NAME)";
				TARGETED_DEVICE_FAMILY = "1,2";
			};
			name = Release;
		};
		612447011FF0F2D900491C8C /* Debug */ = {
			isa = XCBuildConfiguration;
			buildSettings = {
				BUNDLE_LOADER = "$(TEST_HOST)";
				CODE_SIGN_STYLE = Automatic;
				DEVELOPMENT_TEAM = X42645MK9G;
				INFOPLIST_FILE = DemoTests/Info.plist;
				LD_RUNPATH_SEARCH_PATHS = "$(inherited) @executable_path/Frameworks @loader_path/Frameworks";
				PRODUCT_BUNDLE_IDENTIFIER = com.robooot.DemoTests;
				PRODUCT_NAME = "$(TARGET_NAME)";
				TARGETED_DEVICE_FAMILY = "1,2";
				TEST_HOST = "$(BUILT_PRODUCTS_DIR)/DKSHintView.app/DKSHintView";
			};
			name = Debug;
		};
		612447021FF0F2D900491C8C /* Release */ = {
			isa = XCBuildConfiguration;
			buildSettings = {
				BUNDLE_LOADER = "$(TEST_HOST)";
				CODE_SIGN_STYLE = Automatic;
				DEVELOPMENT_TEAM = X42645MK9G;
				INFOPLIST_FILE = DemoTests/Info.plist;
				LD_RUNPATH_SEARCH_PATHS = "$(inherited) @executable_path/Frameworks @loader_path/Frameworks";
				PRODUCT_BUNDLE_IDENTIFIER = com.robooot.DemoTests;
				PRODUCT_NAME = "$(TARGET_NAME)";
				TARGETED_DEVICE_FAMILY = "1,2";
				TEST_HOST = "$(BUILT_PRODUCTS_DIR)/DKSHintView.app/DKSHintView";
			};
			name = Release;
		};
		612447041FF0F2D900491C8C /* Debug */ = {
			isa = XCBuildConfiguration;
			buildSettings = {
				CODE_SIGN_STYLE = Automatic;
				DEVELOPMENT_TEAM = X42645MK9G;
				INFOPLIST_FILE = DemoUITests/Info.plist;
				LD_RUNPATH_SEARCH_PATHS = "$(inherited) @executable_path/Frameworks @loader_path/Frameworks";
				PRODUCT_BUNDLE_IDENTIFIER = com.robooot.DemoUITests;
				PRODUCT_NAME = "$(TARGET_NAME)";
				TARGETED_DEVICE_FAMILY = "1,2";
				TEST_TARGET_NAME = Demo;
			};
			name = Debug;
		};
		612447051FF0F2D900491C8C /* Release */ = {
			isa = XCBuildConfiguration;
			buildSettings = {
				CODE_SIGN_STYLE = Automatic;
				DEVELOPMENT_TEAM = X42645MK9G;
				INFOPLIST_FILE = DemoUITests/Info.plist;
				LD_RUNPATH_SEARCH_PATHS = "$(inherited) @executable_path/Frameworks @loader_path/Frameworks";
				PRODUCT_BUNDLE_IDENTIFIER = com.robooot.DemoUITests;
				PRODUCT_NAME = "$(TARGET_NAME)";
				TARGETED_DEVICE_FAMILY = "1,2";
				TEST_TARGET_NAME = Demo;
			};
			name = Release;
		};
/* End XCBuildConfiguration section */

/* Begin XCConfigurationList section */
		612446CC1FF0F2D900491C8C /* Build configuration list for PBXProject "DKSHintView" */ = {
			isa = XCConfigurationList;
			buildConfigurations = (
				612446FB1FF0F2D900491C8C /* Debug */,
				612446FC1FF0F2D900491C8C /* Release */,
			);
			defaultConfigurationIsVisible = 0;
			defaultConfigurationName = Release;
		};
		612446FD1FF0F2D900491C8C /* Build configuration list for PBXNativeTarget "DKSHintView" */ = {
			isa = XCConfigurationList;
			buildConfigurations = (
				612446FE1FF0F2D900491C8C /* Debug */,
				612446FF1FF0F2D900491C8C /* Release */,
			);
			defaultConfigurationIsVisible = 0;
			defaultConfigurationName = Release;
		};
		612447001FF0F2D900491C8C /* Build configuration list for PBXNativeTarget "DKSHintViewTests" */ = {
			isa = XCConfigurationList;
			buildConfigurations = (
				612447011FF0F2D900491C8C /* Debug */,
				612447021FF0F2D900491C8C /* Release */,
			);
			defaultConfigurationIsVisible = 0;
			defaultConfigurationName = Release;
		};
		612447031FF0F2D900491C8C /* Build configuration list for PBXNativeTarget "DKSHintViewUITests" */ = {
			isa = XCConfigurationList;
			buildConfigurations = (
				612447041FF0F2D900491C8C /* Debug */,
				612447051FF0F2D900491C8C /* Release */,
			);
			defaultConfigurationIsVisible = 0;
			defaultConfigurationName = Release;
		};
/* End XCConfigurationList section */
	};
	rootObject = 612446C91FF0F2D900491C8C /* Project object */;
}
